# This file was autogenerated by Stack.
# You should not edit this file by hand.
# For more information, please see the documentation at:
#   https://docs.haskellstack.org/en/stable/lock_files

packages: []
snapshots:
- completed:
    size: 437735
    url: https://raw.githubusercontent.com/commercialhaskell/stackage-snapshots/master/nightly/2019/12/13.yaml
    sha256: e1e5225bc34979e22fb2609389aba3cc1984a2992ff401789e191df81788f2fd
  original: nightly-2019-12-13
