# This file was autogenerated by Stack.
# You should not edit this file by hand.
# For more information, please see the documentation at:
#   https://docs.haskellstack.org/en/stable/lock_files

packages:
- completed:
    hackage: PSQueue-1.1.0.1@sha256:0eb84220799c95fd7ec05b2f3ba1a673ac24a8200a79be1666233852a8d346c6,1272
    pantry-tree:
      size: 214
      sha256: fae71e1b043cedbc4335278cf12496aa13e4ca429ef2875f6216eadaa4816ec8
  original:
    hackage: PSQueue-1.1.0.1@sha256:0eb84220799c95fd7ec05b2f3ba1a673ac24a8200a79be1666233852a8d346c6,1272
snapshots:
- completed:
    size: 523700
    url: https://raw.githubusercontent.com/commercialhaskell/stackage-snapshots/master/lts/14/7.yaml
    sha256: 8e3f3c894be74d71fa4bf085e0a8baae7e4d7622d07ea31a52736b80f8b9bb1a
  original: lts-14.7
