# This file was autogenerated by Stack.
# You should not edit this file by hand.
# For more information, please see the documentation at:
#   https://docs.haskellstack.org/en/stable/lock_files

packages:
- completed:
    cabal-file:
      size: 1272
      sha256: d3278942bd94de207eb3d2a2f5f4241f8188a2c3cdc939fd7d12b19f43090358
    name: PSQueue
    version: 1.1.0.1
    git: https://github.com/nilsalex/PSQueue.git
    pantry-tree:
      size: 314
      sha256: 567738f8feffa61067c8c3be8f7f4cf3ec3d8c6342266793aeefa95de0acc107
    commit: 4dad46b91676ab43c3130850fa9d128959eb884f
  original:
    git: https://github.com/nilsalex/PSQueue.git
    commit: 4dad46b91676ab43c3130850fa9d128959eb884f
snapshots:
- completed:
    size: 444371
    url: https://raw.githubusercontent.com/commercialhaskell/stackage-snapshots/master/nightly/2020/1/7.yaml
    sha256: fd946527b80475ffd4cfd1bc43df0298a2019e4919822cb56bc6376f80985a6d
  original: nightly-2020-01-07
